
Microsoft Visual Studio Solution File, Format Version 12.00
# Visual Studio 15
VisualStudioVersion = 15.0.26510.0
MinimumVisualStudioVersion = 10.0.40219.1
Project("{FAE04EC0-301F-11D3-BF4B-00C04F79EFBC}") = "ByrneLabs.Commons.MetadataDom", "src\ByrneLabs.Commons.MetadataDom\ByrneLabs.Commons.MetadataDom.csproj", "{A07DA73F-EA48-4AB1-B482-B5641F1A3D5C}"
EndProject
Project("{FAE04EC0-301F-11D3-BF4B-00C04F79EFBC}") = "ByrneLabs.Commons.MetadataDom.Tests", "test\ByrneLabs.Commons.MetadataDom.Tests\ByrneLabs.Commons.MetadataDom.Tests.csproj", "{B290CD10-DD9F-4152-AD7B-270B9CDE7BD0}"
EndProject
Project("{FAE04EC0-301F-11D3-BF4B-00C04F79EFBC}") = "ByrneLabs.Commons.MetadataDom.Tests.SampleToParse", "test\ByrneLabs.Commons.MetadataDom.Tests.SampleToParse\ByrneLabs.Commons.MetadataDom.Tests.SampleToParse.csproj", "{760FE571-4339-47C7-ADB1-173E585D7ABF}"
EndProject
Project("{FAE04EC0-301F-11D3-BF4B-00C04F79EFBC}") = "ByrneLabs.Commons.MetadataDom.Tests.Checker", "test\ByrneLabs.Commons.MetadataDom.Tests.Checker\ByrneLabs.Commons.MetadataDom.Tests.Checker.csproj", "{11AEEE9F-99C5-4F46-89EC-51D1BCF6AA5B}"
EndProject
Project("{FAE04EC0-301F-11D3-BF4B-00C04F79EFBC}") = "ByrneLabs.Commons.MetadataDom.Tests.Checker.NetCore", "test\ByrneLabs.Commons.MetadataDom.Tests.Checker.NetCore\ByrneLabs.Commons.MetadataDom.Tests.Checker.NetCore.csproj", "{2FEB651D-9546-4434-BE6C-5548A913D897}"
EndProject
Project("{FAE04EC0-301F-11D3-BF4B-00C04F79EFBC}") = "ByrneLabs.Commons.MetadataDom.Tests.Checker.NetFramework", "test\ByrneLabs.Commons.MetadataDom.Tests.Checker.NetFramework\ByrneLabs.Commons.MetadataDom.Tests.Checker.NetFramework.csproj", "{12461A24-81BF-4983-8401-A7969E4F3186}"
EndProject
Global
	GlobalSection(SolutionConfigurationPlatforms) = preSolution
		Debug|Any CPU = Debug|Any CPU
		Debug|x64 = Debug|x64
		Debug|x86 = Debug|x86
		netstandard1.6|Any CPU = netstandard1.6|Any CPU
		netstandard1.6|x64 = netstandard1.6|x64
		netstandard1.6|x86 = netstandard1.6|x86
		netstandard2.0|Any CPU = netstandard2.0|Any CPU
		netstandard2.0|x64 = netstandard2.0|x64
		netstandard2.0|x86 = netstandard2.0|x86
		Release|Any CPU = Release|Any CPU
		Release|x64 = Release|x64
		Release|x86 = Release|x86
	EndGlobalSection
	GlobalSection(ProjectConfigurationPlatforms) = postSolution
		{A07DA73F-EA48-4AB1-B482-B5641F1A3D5C}.Debug|Any CPU.ActiveCfg = Debug|Any CPU
		{A07DA73F-EA48-4AB1-B482-B5641F1A3D5C}.Debug|Any CPU.Build.0 = Debug|Any CPU
		{A07DA73F-EA48-4AB1-B482-B5641F1A3D5C}.Debug|x64.ActiveCfg = Debug|Any CPU
		{A07DA73F-EA48-4AB1-B482-B5641F1A3D5C}.Debug|x64.Build.0 = Debug|Any CPU
		{A07DA73F-EA48-4AB1-B482-B5641F1A3D5C}.Debug|x86.ActiveCfg = Debug|Any CPU
		{A07DA73F-EA48-4AB1-B482-B5641F1A3D5C}.Debug|x86.Build.0 = Debug|Any CPU
		{A07DA73F-EA48-4AB1-B482-B5641F1A3D5C}.netstandard1.6|Any CPU.ActiveCfg = netstandard1.6|Any CPU
		{A07DA73F-EA48-4AB1-B482-B5641F1A3D5C}.netstandard1.6|Any CPU.Build.0 = netstandard1.6|Any CPU
		{A07DA73F-EA48-4AB1-B482-B5641F1A3D5C}.netstandard1.6|x64.ActiveCfg = Release|Any CPU
		{A07DA73F-EA48-4AB1-B482-B5641F1A3D5C}.netstandard1.6|x64.Build.0 = Release|Any CPU
		{A07DA73F-EA48-4AB1-B482-B5641F1A3D5C}.netstandard1.6|x86.ActiveCfg = Release|Any CPU
		{A07DA73F-EA48-4AB1-B482-B5641F1A3D5C}.netstandard1.6|x86.Build.0 = Release|Any CPU
		{A07DA73F-EA48-4AB1-B482-B5641F1A3D5C}.netstandard2.0|Any CPU.ActiveCfg = netstandard2.0|Any CPU
		{A07DA73F-EA48-4AB1-B482-B5641F1A3D5C}.netstandard2.0|Any CPU.Build.0 = netstandard2.0|Any CPU
		{A07DA73F-EA48-4AB1-B482-B5641F1A3D5C}.netstandard2.0|x64.ActiveCfg = Release|Any CPU
		{A07DA73F-EA48-4AB1-B482-B5641F1A3D5C}.netstandard2.0|x64.Build.0 = Release|Any CPU
		{A07DA73F-EA48-4AB1-B482-B5641F1A3D5C}.netstandard2.0|x86.ActiveCfg = Release|Any CPU
		{A07DA73F-EA48-4AB1-B482-B5641F1A3D5C}.netstandard2.0|x86.Build.0 = Release|Any CPU
		{A07DA73F-EA48-4AB1-B482-B5641F1A3D5C}.Release|Any CPU.ActiveCfg = Release|Any CPU
		{A07DA73F-EA48-4AB1-B482-B5641F1A3D5C}.Release|Any CPU.Build.0 = Release|Any CPU
		{A07DA73F-EA48-4AB1-B482-B5641F1A3D5C}.Release|x64.ActiveCfg = Release|Any CPU
		{A07DA73F-EA48-4AB1-B482-B5641F1A3D5C}.Release|x64.Build.0 = Release|Any CPU
		{A07DA73F-EA48-4AB1-B482-B5641F1A3D5C}.Release|x86.ActiveCfg = Release|Any CPU
		{A07DA73F-EA48-4AB1-B482-B5641F1A3D5C}.Release|x86.Build.0 = Release|Any CPU
		{B290CD10-DD9F-4152-AD7B-270B9CDE7BD0}.Debug|Any CPU.ActiveCfg = Release|Any CPU
		{B290CD10-DD9F-4152-AD7B-270B9CDE7BD0}.Debug|x64.ActiveCfg = Release|Any CPU
		{B290CD10-DD9F-4152-AD7B-270B9CDE7BD0}.Debug|x86.ActiveCfg = Release|Any CPU
		{B290CD10-DD9F-4152-AD7B-270B9CDE7BD0}.netstandard1.6|Any CPU.ActiveCfg = netstandard1.6|Any CPU
		{B290CD10-DD9F-4152-AD7B-270B9CDE7BD0}.netstandard1.6|Any CPU.Build.0 = netstandard1.6|Any CPU
		{B290CD10-DD9F-4152-AD7B-270B9CDE7BD0}.netstandard1.6|x64.ActiveCfg = Release|Any CPU
		{B290CD10-DD9F-4152-AD7B-270B9CDE7BD0}.netstandard1.6|x86.ActiveCfg = Release|Any CPU
		{B290CD10-DD9F-4152-AD7B-270B9CDE7BD0}.netstandard2.0|Any CPU.ActiveCfg = netstandard2.0|Any CPU
		{B290CD10-DD9F-4152-AD7B-270B9CDE7BD0}.netstandard2.0|Any CPU.Build.0 = netstandard2.0|Any CPU
		{B290CD10-DD9F-4152-AD7B-270B9CDE7BD0}.netstandard2.0|x64.ActiveCfg = Release|Any CPU
		{B290CD10-DD9F-4152-AD7B-270B9CDE7BD0}.netstandard2.0|x86.ActiveCfg = Release|Any CPU
		{B290CD10-DD9F-4152-AD7B-270B9CDE7BD0}.Release|Any CPU.ActiveCfg = Release|Any CPU
		{B290CD10-DD9F-4152-AD7B-270B9CDE7BD0}.Release|x64.ActiveCfg = Release|Any CPU
		{B290CD10-DD9F-4152-AD7B-270B9CDE7BD0}.Release|x86.ActiveCfg = Release|Any CPU
		{760FE571-4339-47C7-ADB1-173E585D7ABF}.Debug|Any CPU.ActiveCfg = Release|Any CPU
		{760FE571-4339-47C7-ADB1-173E585D7ABF}.Debug|x64.ActiveCfg = Release|Any CPU
		{760FE571-4339-47C7-ADB1-173E585D7ABF}.Debug|x86.ActiveCfg = Release|Any CPU
		{760FE571-4339-47C7-ADB1-173E585D7ABF}.netstandard1.6|Any CPU.ActiveCfg = netstandard1.6|Any CPU
		{760FE571-4339-47C7-ADB1-173E585D7ABF}.netstandard1.6|Any CPU.Build.0 = netstandard1.6|Any CPU
		{760FE571-4339-47C7-ADB1-173E585D7ABF}.netstandard1.6|x64.ActiveCfg = Release|Any CPU
		{760FE571-4339-47C7-ADB1-173E585D7ABF}.netstandard1.6|x86.ActiveCfg = Release|Any CPU
		{760FE571-4339-47C7-ADB1-173E585D7ABF}.netstandard2.0|Any CPU.ActiveCfg = netstandard2.0|Any CPU
		{760FE571-4339-47C7-ADB1-173E585D7ABF}.netstandard2.0|Any CPU.Build.0 = netstandard2.0|Any CPU
		{760FE571-4339-47C7-ADB1-173E585D7ABF}.netstandard2.0|x64.ActiveCfg = Release|Any CPU
		{760FE571-4339-47C7-ADB1-173E585D7ABF}.netstandard2.0|x86.ActiveCfg = Release|Any CPU
		{760FE571-4339-47C7-ADB1-173E585D7ABF}.Release|Any CPU.ActiveCfg = Release|Any CPU
		{760FE571-4339-47C7-ADB1-173E585D7ABF}.Release|x64.ActiveCfg = Release|Any CPU
		{760FE571-4339-47C7-ADB1-173E585D7ABF}.Release|x86.ActiveCfg = Release|Any CPU
		{11AEEE9F-99C5-4F46-89EC-51D1BCF6AA5B}.Debug|Any CPU.ActiveCfg = Release|Any CPU
		{11AEEE9F-99C5-4F46-89EC-51D1BCF6AA5B}.Debug|x64.ActiveCfg = Release|Any CPU
		{11AEEE9F-99C5-4F46-89EC-51D1BCF6AA5B}.Debug|x86.ActiveCfg = Release|Any CPU
		{11AEEE9F-99C5-4F46-89EC-51D1BCF6AA5B}.netstandard1.6|Any CPU.ActiveCfg = netstandard1.6|Any CPU
		{11AEEE9F-99C5-4F46-89EC-51D1BCF6AA5B}.netstandard1.6|Any CPU.Build.0 = netstandard1.6|Any CPU
		{11AEEE9F-99C5-4F46-89EC-51D1BCF6AA5B}.netstandard1.6|x64.ActiveCfg = Release|Any CPU
		{11AEEE9F-99C5-4F46-89EC-51D1BCF6AA5B}.netstandard1.6|x86.ActiveCfg = Release|Any CPU
		{11AEEE9F-99C5-4F46-89EC-51D1BCF6AA5B}.netstandard2.0|Any CPU.ActiveCfg = netstandard2.0|Any CPU
		{11AEEE9F-99C5-4F46-89EC-51D1BCF6AA5B}.netstandard2.0|Any CPU.Build.0 = netstandard2.0|Any CPU
		{11AEEE9F-99C5-4F46-89EC-51D1BCF6AA5B}.netstandard2.0|x64.ActiveCfg = Release|Any CPU
		{11AEEE9F-99C5-4F46-89EC-51D1BCF6AA5B}.netstandard2.0|x86.ActiveCfg = Release|Any CPU
		{11AEEE9F-99C5-4F46-89EC-51D1BCF6AA5B}.Release|Any CPU.ActiveCfg = Release|Any CPU
		{11AEEE9F-99C5-4F46-89EC-51D1BCF6AA5B}.Release|x64.ActiveCfg = Release|Any CPU
		{11AEEE9F-99C5-4F46-89EC-51D1BCF6AA5B}.Release|x86.ActiveCfg = Release|Any CPU
		{2FEB651D-9546-4434-BE6C-5548A913D897}.Debug|Any CPU.ActiveCfg = Release|Any CPU
		{2FEB651D-9546-4434-BE6C-5548A913D897}.Debug|x64.ActiveCfg = Release|Any CPU
		{2FEB651D-9546-4434-BE6C-5548A913D897}.Debug|x86.ActiveCfg = Release|Any CPU
		{2FEB651D-9546-4434-BE6C-5548A913D897}.netstandard1.6|Any CPU.ActiveCfg = netstandard1.6|Any CPU
		{2FEB651D-9546-4434-BE6C-5548A913D897}.netstandard1.6|Any CPU.Build.0 = netstandard1.6|Any CPU
		{2FEB651D-9546-4434-BE6C-5548A913D897}.netstandard1.6|x64.ActiveCfg = Release|Any CPU
		{2FEB651D-9546-4434-BE6C-5548A913D897}.netstandard1.6|x86.ActiveCfg = Release|Any CPU
		{2FEB651D-9546-4434-BE6C-5548A913D897}.netstandard2.0|Any CPU.ActiveCfg = netstandard2.0|Any CPU
		{2FEB651D-9546-4434-BE6C-5548A913D897}.netstandard2.0|Any CPU.Build.0 = netstandard2.0|Any CPU
		{2FEB651D-9546-4434-BE6C-5548A913D897}.netstandard2.0|x64.ActiveCfg = Release|Any CPU
		{2FEB651D-9546-4434-BE6C-5548A913D897}.netstandard2.0|x86.ActiveCfg = Release|Any CPU
		{2FEB651D-9546-4434-BE6C-5548A913D897}.Release|Any CPU.ActiveCfg = Release|Any CPU
		{2FEB651D-9546-4434-BE6C-5548A913D897}.Release|x64.ActiveCfg = Release|Any CPU
		{2FEB651D-9546-4434-BE6C-5548A913D897}.Release|x86.ActiveCfg = Release|Any CPU
		{12461A24-81BF-4983-8401-A7969E4F3186}.Debug|Any CPU.ActiveCfg = Debug|Any CPU
		{12461A24-81BF-4983-8401-A7969E4F3186}.Debug|Any CPU.Build.0 = Debug|Any CPU
		{12461A24-81BF-4983-8401-A7969E4F3186}.Debug|x64.ActiveCfg = Debug|Any CPU
		{12461A24-81BF-4983-8401-A7969E4F3186}.Debug|x64.Build.0 = Debug|Any CPU
		{12461A24-81BF-4983-8401-A7969E4F3186}.Debug|x86.ActiveCfg = Debug|Any CPU
		{12461A24-81BF-4983-8401-A7969E4F3186}.Debug|x86.Build.0 = Debug|Any CPU
		{12461A24-81BF-4983-8401-A7969E4F3186}.netstandard1.6|Any CPU.ActiveCfg = netstandard1.6|Any CPU
		{12461A24-81BF-4983-8401-A7969E4F3186}.netstandard1.6|Any CPU.Build.0 = netstandard1.6|Any CPU
		{12461A24-81BF-4983-8401-A7969E4F3186}.netstandard1.6|x64.ActiveCfg = Debug|Any CPU
		{12461A24-81BF-4983-8401-A7969E4F3186}.netstandard1.6|x64.Build.0 = Debug|Any CPU
		{12461A24-81BF-4983-8401-A7969E4F3186}.netstandard1.6|x86.ActiveCfg = Debug|Any CPU
		{12461A24-81BF-4983-8401-A7969E4F3186}.netstandard1.6|x86.Build.0 = Debug|Any CPU
		{12461A24-81BF-4983-8401-A7969E4F3186}.netstandard2.0|Any CPU.ActiveCfg = netstandard2.0|Any CPU
		{12461A24-81BF-4983-8401-A7969E4F3186}.netstandard2.0|Any CPU.Build.0 = netstandard2.0|Any CPU
		{12461A24-81BF-4983-8401-A7969E4F3186}.netstandard2.0|x64.ActiveCfg = Debug|Any CPU
		{12461A24-81BF-4983-8401-A7969E4F3186}.netstandard2.0|x64.Build.0 = Debug|Any CPU
		{12461A24-81BF-4983-8401-A7969E4F3186}.netstandard2.0|x86.ActiveCfg = Debug|Any CPU
		{12461A24-81BF-4983-8401-A7969E4F3186}.netstandard2.0|x86.Build.0 = Debug|Any CPU
		{12461A24-81BF-4983-8401-A7969E4F3186}.Release|Any CPU.ActiveCfg = Debug|Any CPU
		{12461A24-81BF-4983-8401-A7969E4F3186}.Release|Any CPU.Build.0 = Debug|Any CPU
		{12461A24-81BF-4983-8401-A7969E4F3186}.Release|x64.ActiveCfg = Debug|Any CPU
		{12461A24-81BF-4983-8401-A7969E4F3186}.Release|x64.Build.0 = Debug|Any CPU
		{12461A24-81BF-4983-8401-A7969E4F3186}.Release|x86.ActiveCfg = Debug|Any CPU
		{12461A24-81BF-4983-8401-A7969E4F3186}.Release|x86.Build.0 = Debug|Any CPU
	EndGlobalSection
	GlobalSection(SolutionProperties) = preSolution
		HideSolutionNode = FALSE
	EndGlobalSection
EndGlobal
